github.com/davecgh/go-spew v1.1.1 h1:vj9j/u1bqnvCEfJOwUhtlOARqs3+rkHYY13jYWTU97c=
github.com/google/go-cmp v0.5.9 h1:O2Tfq5qg4qc4AmwVlvv0oLiVAGB7enBSJ2x2DqQFi38=
github.com/google/go-cmp v0.5.9/go.mod h1:17dUlkBOakJ0+DkrSSNjCkIjxS6bF9zb3elmeNGIjoY=
github.com/lucasepe/strcase v0.1.0 h1:uGKgD/bXvtSRILJG7sHlzP6ZJ/7ol6+4ww0eTWK/pek=
github.com/lucasepe/strcase v0.1.0/go.mod h1:F7MZEK6ffby379eIXJm0Yv339J/iMFA+Z//XlYCIvH0=
github.com/lucasepe/subcommands v0.1.1 h1:jziqXrZF3oq8ioY3nkLHjCySC451Rx5CTzMcgOIOadw=
github.com/lucasepe/subcommands v0.1.1/go.mod h1:IvpTnXngMpSJM6H48hLg2QPZWtMfJCZ0hbYoHPfsAa8=
github.com/lucasepe/totp v0.1.0 h1:zy5s9x93f24oQUvvAetFcXW6gMYQxtUScYlNEIyWw+I=
github.com/lucasepe/totp v0.1.0/go.mod h1:Vw7gdQtcH3aZcv30DHZAbnS/xpcDPin4mP4qqEarfJ0=
github.com/lucasepe/xdg v0.1.0 h1:ZycjGq20CtCBSOjVF9XQBcNk47MQ6PyHKdn8DorZsGU=
github.com/lucasepe/xdg v0.1.0/go.mod h1:XruOfGqUIWjoPJHJA0FGIxpe6c+ETsJyEy79jf4WBR0=
github.com/pmezard/go-difflib v1.0.0 h1:4DBwDE0NGyQoBHbLQYPwSUPoCMWR5BEzIk/f1lZbAQM=
github.com/stretchr/testify v1.8.2 h1:+h33VjcLVPDHtOdpUCuF+7gSuG3yGIftsP1YvFihtJ8=
go.etcd.io/bbolt v1.3.7 h1:j+zJOnnEjF/kyHlDDgGnVL/AIqIJPq8UoB2GSNfkUfQ=
go.etcd.io/bbolt v1.3.7/go.mod h1:N9Mkw9X8x5fupy0IKsmuqVtoGDyxsaDlbk4Rd05IAQw=
golang.org/x/sys v0.6.0 h1:MVltZSvRTcU2ljQOhs94SXPftV6DCNnZViHeQps87pQ=
golang.org/x/sys v0.6.0/go.mod h1:oPkhp1MJrh7nUepCBck5+mAzfO9JrbApNNgaTdGDITg=
golang.org/x/term v0.5.0 h1:n2a8QNdAb0sZNpU9R1ALUXBbY+w51fCQDN+7EdxNBsY=
golang.org/x/term v0.5.0/go.mod h1:jMB1sMXY+tzblOD4FWmEbocvup2/aLOaQEp7JmGp78k=
gopkg.in/check.v1 v0.0.0-20161208181325-20d25e280405 h1:yhCVgyC4o1eVCa2tZl7eS0r+SDo693bJlVdllGtEeKM=
gopkg.in/check.v1 v0.0.0-20161208181325-20d25e280405/go.mod h1:Co6ibVJAznAaIkqp8huTwlJQCZ016jof/cbN4VW5Yz0=
gopkg.in/yaml.v3 v3.0.1 h1:fxVm/GzAzEWqLHuvctI91KS9hhNmmWOoWu0XTYJS7CA=
gopkg.in/yaml.v3 v3.0.1/go.mod h1:K4uyk7z7BCEPqu6E+C64Yfv1cQ7kz7rIZviUmN+EgEM=
